
Microsoft Visual Studio Solution File, Format Version 12.00
# Visual Studio Version 17
VisualStudioVersion = 17.7.34221.43
MinimumVisualStudioVersion = 10.0.40219.1
Project("{9A19103F-16F7-4668-BE54-9A1E7A4F7556}") = "TheSandwichShop", "Assignment03\TheSandwichShop.csproj", "{69845DDB-1FE7-4E8D-8EFE-57FB4E94691A}"
EndProject
Global
	GlobalSection(SolutionConfigurationPlatforms) = preSolution
		Debug|Any CPU = Debug|Any CPU
		Release|Any CPU = Release|Any CPU
	EndGlobalSection
	GlobalSection(ProjectConfigurationPlatforms) = postSolution
		{69845DDB-1FE7-4E8D-8EFE-57FB4E94691A}.Debug|Any CPU.ActiveCfg = Debug|Any CPU
		{69845DDB-1FE7-4E8D-8EFE-57FB4E94691A}.Debug|Any CPU.Build.0 = Debug|Any CPU
		{69845DDB-1FE7-4E8D-8EFE-57FB4E94691A}.Release|Any CPU.ActiveCfg = Release|Any CPU
		{69845DDB-1FE7-4E8D-8EFE-57FB4E94691A}.Release|Any CPU.Build.0 = Release|Any CPU
	EndGlobalSection
	GlobalSection(SolutionProperties) = preSolution
		HideSolutionNode = FALSE
	EndGlobalSection
	GlobalSection(ExtensibilityGlobals) = postSolution
		SolutionGuid = {F5D860B3-31CC-4416-922B-59493F4EE041}
	EndGlobalSection
EndGlobal
